// !$*UTF8*$!
{
	archiveVersion = 1;
	classes = {
	};
	objectVersion = 50;
	objects = {

/* Begin PBXBuildFile section */
		DF654576256B199A00F09939 /* BookData.swift in Sources */ = {isa = PBXBuildFile; fileRef = DF654575256B199A00F09939 /* BookData.swift */; };
		DF65457C256B59D100F09939 /* BookCell.swift in Sources */ = {isa = PBXBuildFile; fileRef = DF65457B256B59D100F09939 /* BookCell.swift */; };
		DF8F7816256863D600695823 /* AppDelegate.swift in Sources */ = {isa = PBXBuildFile; fileRef = DF8F7815256863D600695823 /* AppDelegate.swift */; };
		DF8F7819256863D600695823 /* CSCI321_Assign6.xcdatamodeld in Sources */ = {isa = PBXBuildFile; fileRef = DF8F7817256863D600695823 /* CSCI321_Assign6.xcdatamodeld */; };
		DF8F781B256863D600695823 /* SceneDelegate.swift in Sources */ = {isa = PBXBuildFile; fileRef = DF8F781A256863D600695823 /* SceneDelegate.swift */; };
		DF8F781D256863D600695823 /* MasterViewController.swift in Sources */ = {isa = PBXBuildFile; fileRef = DF8F781C256863D600695823 /* MasterViewController.swift */; };
		DF8F781F256863D600695823 /* DetailViewController.swift in Sources */ = {isa = PBXBuildFile; fileRef = DF8F781E256863D600695823 /* DetailViewController.swift */; };
		DF8F7822256863D600695823 /* Main.storyboard in Resources */ = {isa = PBXBuildFile; fileRef = DF8F7820256863D600695823 /* Main.storyboard */; };
		DF8F7824256863D700695823 /* Assets.xcassets in Resources */ = {isa = PBXBuildFile; fileRef = DF8F7823256863D700695823 /* Assets.xcassets */; };
		DF8F7827256863D700695823 /* LaunchScreen.storyboard in Resources */ = {isa = PBXBuildFile; fileRef = DF8F7825256863D700695823 /* LaunchScreen.storyboard */; };
		DF97C16E256A1AE600017CFA /* Book+CoreDataClass.swift in Sources */ = {isa = PBXBuildFile; fileRef = DF97C16C256A1AE600017CFA /* Book+CoreDataClass.swift */; };
		DF97C16F256A1AE600017CFA /* Book+CoreDataProperties.swift in Sources */ = {isa = PBXBuildFile; fileRef = DF97C16D256A1AE600017CFA /* Book+CoreDataProperties.swift */; };
		DF97C173256A368300017CFA /* AddABookViewController.swift in Sources */ = {isa = PBXBuildFile; fileRef = DF97C172256A368300017CFA /* AddABookViewController.swift */; };
		DFDA58912569BB3200332F6B /* books.plist in Resources */ = {isa = PBXBuildFile; fileRef = DFDA58902569BB3200332F6B /* books.plist */; };
/* End PBXBuildFile section */

/* Begin PBXFileReference section */
		DF654575256B199A00F09939 /* BookData.swift */ = {isa = PBXFileReference; lastKnownFileType = sourcecode.swift; path = BookData.swift; sourceTree = "<group>"; };
		DF65457B256B59D100F09939 /* BookCell.swift */ = {isa = PBXFileReference; lastKnownFileType = sourcecode.swift; path = BookCell.swift; sourceTree = "<group>"; };
		DF8F7812256863D600695823 /* CSCI321_Assign6.app */ = {isa = PBXFileReference; explicitFileType = wrapper.application; includeInIndex = 0; path = CSCI321_Assign6.app; sourceTree = BUILT_PRODUCTS_DIR; };
		DF8F7815256863D600695823 /* AppDelegate.swift */ = {isa = PBXFileReference; lastKnownFileType = sourcecode.swift; path = AppDelegate.swift; sourceTree = "<group>"; };
		DF8F7818256863D600695823 /* CSCI321_Assign6.xcdatamodel */ = {isa = PBXFileReference; lastKnownFileType = wrapper.xcdatamodel; path = CSCI321_Assign6.xcdatamodel; sourceTree = "<group>"; };
		DF8F781A256863D600695823 /* SceneDelegate.swift */ = {isa = PBXFileReference; lastKnownFileType = sourcecode.swift; path = SceneDelegate.swift; sourceTree = "<group>"; };
		DF8F781C256863D600695823 /* MasterViewController.swift */ = {isa = PBXFileReference; lastKnownFileType = sourcecode.swift; path = MasterViewController.swift; sourceTree = "<group>"; };
		DF8F781E256863D600695823 /* DetailViewController.swift */ = {isa = PBXFileReference; lastKnownFileType = sourcecode.swift; path = DetailViewController.swift; sourceTree = "<group>"; };
		DF8F7821256863D600695823 /* Base */ = {isa = PBXFileReference; lastKnownFileType = file.storyboard; name = Base; path = Base.lproj/Main.storyboard; sourceTree = "<group>"; };
		DF8F7823256863D700695823 /* Assets.xcassets */ = {isa = PBXFileReference; lastKnownFileType = folder.assetcatalog; path = Assets.xcassets; sourceTree = "<group>"; };
		DF8F7826256863D700695823 /* Base */ = {isa = PBXFileReference; lastKnownFileType = file.storyboard; name = Base; path = Base.lproj/LaunchScreen.storyboard; sourceTree = "<group>"; };
		DF8F7828256863D700695823 /* Info.plist */ = {isa = PBXFileReference; lastKnownFileType = text.plist.xml; path = Info.plist; sourceTree = "<group>"; };
		DF97C16C256A1AE600017CFA /* Book+CoreDataClass.swift */ = {isa = PBXFileReference; lastKnownFileType = sourcecode.swift; path = "Book+CoreDataClass.swift"; sourceTree = "<group>"; };
		DF97C16D256A1AE600017CFA /* Book+CoreDataProperties.swift */ = {isa = PBXFileReference; lastKnownFileType = sourcecode.swift; path = "Book+CoreDataProperties.swift"; sourceTree = "<group>"; };
		DF97C172256A368300017CFA /* AddABookViewController.swift */ = {isa = PBXFileReference; lastKnownFileType = sourcecode.swift; path = AddABookViewController.swift; sourceTree = "<group>"; };
		DFDA58902569BB3200332F6B /* books.plist */ = {isa = PBXFileReference; fileEncoding = 4; lastKnownFileType = text.plist.xml; path = books.plist; sourceTree = "<group>"; };
/* End PBXFileReference section */

/* Begin PBXFrameworksBuildPhase section */
		DF8F780F256863D600695823 /* Frameworks */ = {
			isa = PBXFrameworksBuildPhase;
			buildActionMask = 2147483647;
			files = (
			);
			runOnlyForDeploymentPostprocessing = 0;
		};
/* End PBXFrameworksBuildPhase section */

/* Begin PBXGroup section */
		DF8F7809256863D600695823 = {
			isa = PBXGroup;
			children = (
				DF8F7814256863D600695823 /* CSCI321_Assign6 */,
				DF8F7813256863D600695823 /* Products */,
			);
			sourceTree = "<group>";
		};
		DF8F7813256863D600695823 /* Products */ = {
			isa = PBXGroup;
			children = (
				DF8F7812256863D600695823 /* CSCI321_Assign6.app */,
			);
			name = Products;
			sourceTree = "<group>";
		};
		DF8F7814256863D600695823 /* CSCI321_Assign6 */ = {
			isa = PBXGroup;
			children = (
				DF8F7815256863D600695823 /* AppDelegate.swift */,
				DF8F781A256863D600695823 /* SceneDelegate.swift */,
				DF8F781C256863D600695823 /* MasterViewController.swift */,
				DF65457B256B59D100F09939 /* BookCell.swift */,
				DF97C172256A368300017CFA /* AddABookViewController.swift */,
				DF8F781E256863D600695823 /* DetailViewController.swift */,
				DF8F7820256863D600695823 /* Main.storyboard */,
				DF8F7825256863D700695823 /* LaunchScreen.storyboard */,
				DF8F7828256863D700695823 /* Info.plist */,
				DF654575256B199A00F09939 /* BookData.swift */,
				DFDA58902569BB3200332F6B /* books.plist */,
				DF8F7823256863D700695823 /* Assets.xcassets */,
				DF8F7817256863D600695823 /* CSCI321_Assign6.xcdatamodeld */,
				DF97C16C256A1AE600017CFA /* Book+CoreDataClass.swift */,
				DF97C16D256A1AE600017CFA /* Book+CoreDataProperties.swift */,
			);
			path = CSCI321_Assign6;
			sourceTree = "<group>";
		};
/* End PBXGroup section */

/* Begin PBXNativeTarget section */
		DF8F7811256863D600695823 /* CSCI321_Assign6 */ = {
			isa = PBXNativeTarget;
			buildConfigurationList = DF8F782B256863D700695823 /* Build configuration list for PBXNativeTarget "CSCI321_Assign6" */;
			buildPhases = (
				DF8F780E256863D600695823 /* Sources */,
				DF8F780F256863D600695823 /* Frameworks */,
				DF8F7810256863D600695823 /* Resources */,
			);
			buildRules = (
			);
			dependencies = (
			);
			name = CSCI321_Assign6;
			productName = CSCI321_Assign6;
			productReference = DF8F7812256863D600695823 /* CSCI321_Assign6.app */;
			productType = "com.apple.product-type.application";
		};
/* End PBXNativeTarget section */

/* Begin PBXProject section */
		DF8F780A256863D600695823 /* Project object */ = {
			isa = PBXProject;
			attributes = {
				LastSwiftUpdateCheck = 1160;
				LastUpgradeCheck = 1160;
				ORGANIZATIONNAME = "Rut Codes";
				TargetAttributes = {
					DF8F7811256863D600695823 = {
						CreatedOnToolsVersion = 11.6;
					};
				};
			};
			buildConfigurationList = DF8F780D256863D600695823 /* Build configuration list for PBXProject "CSCI321_Assign6" */;
			compatibilityVersion = "Xcode 9.3";
			developmentRegion = en;
			hasScannedForEncodings = 0;
			knownRegions = (
				en,
				Base,
			);
			mainGroup = DF8F7809256863D600695823;
			productRefGroup = DF8F7813256863D600695823 /* Products */;
			projectDirPath = "";
			projectRoot = "";
			targets = (
				DF8F7811256863D600695823 /* CSCI321_Assign6 */,
			);
		};
/* End PBXProject section */

/* Begin PBXResourcesBuildPhase section */
		DF8F7810256863D600695823 /* Resources */ = {
			isa = PBXResourcesBuildPhase;
			buildActionMask = 2147483647;
			files = (
				DF8F7827256863D700695823 /* LaunchScreen.storyboard in Resources */,
				DF8F7824256863D700695823 /* Assets.xcassets in Resources */,
				DF8F7822256863D600695823 /* Main.storyboard in Resources */,
				DFDA58912569BB3200332F6B /* books.plist in Resources */,
			);
			runOnlyForDeploymentPostprocessing = 0;
		};
/* End PBXResourcesBuildPhase section */

/* Begin PBXSourcesBuildPhase section */
		DF8F780E256863D600695823 /* Sources */ = {
			isa = PBXSourcesBuildPhase;
			buildActionMask = 2147483647;
			files = (
				DF8F781D256863D600695823 /* MasterViewController.swift in Sources */,
				DF8F7819256863D600695823 /* CSCI321_Assign6.xcdatamodeld in Sources */,
				DF65457C256B59D100F09939 /* BookCell.swift in Sources */,
				DF8F781F256863D600695823 /* DetailViewController.swift in Sources */,
				DF97C173256A368300017CFA /* AddABookViewController.swift in Sources */,
				DF8F7816256863D600695823 /* AppDelegate.swift in Sources */,
				DF654576256B199A00F09939 /* BookData.swift in Sources */,
				DF97C16E256A1AE600017CFA /* Book+CoreDataClass.swift in Sources */,
				DF97C16F256A1AE600017CFA /* Book+CoreDataProperties.swift in Sources */,
				DF8F781B256863D600695823 /* SceneDelegate.swift in Sources */,
			);
			runOnlyForDeploymentPostprocessing = 0;
		};
/* End PBXSourcesBuildPhase section */

/* Begin PBXVariantGroup section */
		DF8F7820256863D600695823 /* Main.storyboard */ = {
			isa = PBXVariantGroup;
			children = (
				DF8F7821256863D600695823 /* Base */,
			);
			name = Main.storyboard;
			sourceTree = "<group>";
		};
		DF8F7825256863D700695823 /* LaunchScreen.storyboard */ = {
			isa = PBXVariantGroup;
			children = (
				DF8F7826256863D700695823 /* Base */,
			);
			name = LaunchScreen.storyboard;
			sourceTree = "<group>";
		};
/* End PBXVariantGroup section */

/* Begin XCBuildConfiguration section */
		DF8F7829256863D700695823 /* Debug */ = {
			isa = XCBuildConfiguration;
			buildSettings = {
				ALWAYS_SEARCH_USER_PATHS = NO;
				CLANG_ANALYZER_NONNULL = YES;
				CLANG_ANALYZER_NUMBER_OBJECT_CONVERSION = YES_AGGRESSIVE;
				CLANG_CXX_LANGUAGE_STANDARD = "gnu++14";
				CLANG_CXX_LIBRARY = "libc++";
				CLANG_ENABLE_MODULES = YES;
				CLANG_ENABLE_OBJC_ARC = YES;
				CLANG_ENABLE_OBJC_WEAK = YES;
				CLANG_WARN_BLOCK_CAPTURE_AUTORELEASING = YES;
				CLANG_WARN_BOOL_CONVERSION = YES;
				CLANG_WARN_COMMA = YES;
				CLANG_WARN_CONSTANT_CONVERSION = YES;
				CLANG_WARN_DEPRECATED_OBJC_IMPLEMENTATIONS = YES;
				CLANG_WARN_DIRECT_OBJC_ISA_USAGE = YES_ERROR;
				CLANG_WARN_DOCUMENTATION_COMMENTS = YES;
				CLANG_WARN_EMPTY_BODY = YES;
				CLANG_WARN_ENUM_CONVERSION = YES;
				CLANG_WARN_INFINITE_RECURSION = YES;
				CLANG_WARN_INT_CONVERSION = YES;
				CLANG_WARN_NON_LITERAL_NULL_CONVERSION = YES;
				CLANG_WARN_OBJC_IMPLICIT_RETAIN_SELF = YES;
				CLANG_WARN_OBJC_LITERAL_CONVERSION = YES;
				CLANG_WARN_OBJC_ROOT_CLASS = YES_ERROR;
				CLANG_WARN_RANGE_LOOP_ANALYSIS = YES;
				CLANG_WARN_STRICT_PROTOTYPES = YES;
				CLANG_WARN_SUSPICIOUS_MOVE = YES;
				CLANG_WARN_UNGUARDED_AVAILABILITY = YES_AGGRESSIVE;
				CLANG_WARN_UNREACHABLE_CODE = YES;
				CLANG_WARN__DUPLICATE_METHOD_MATCH = YES;
				COPY_PHASE_STRIP = NO;
				DEBUG_INFORMATION_FORMAT = dwarf;
				ENABLE_STRICT_OBJC_MSGSEND = YES;
				ENABLE_TESTABILITY = YES;
				GCC_C_LANGUAGE_STANDARD = gnu11;
				GCC_DYNAMIC_NO_PIC = NO;
				GCC_NO_COMMON_BLOCKS = YES;
				GCC_OPTIMIZATION_LEVEL = 0;
				GCC_PREPROCESSOR_DEFINITIONS = (
					"DEBUG=1",
					"$(inherited)",
				);
				GCC_WARN_64_TO_32_BIT_CONVERSION = YES;
				GCC_WARN_ABOUT_RETURN_TYPE = YES_ERROR;
				GCC_WARN_UNDECLARED_SELECTOR = YES;
				GCC_WARN_UNINITIALIZED_AUTOS = YES_AGGRESSIVE;
				GCC_WARN_UNUSED_FUNCTION = YES;
				GCC_WARN_UNUSED_VARIABLE = YES;
				IPHONEOS_DEPLOYMENT_TARGET = 13.6;
				MTL_ENABLE_DEBUG_INFO = INCLUDE_SOURCE;
				MTL_FAST_MATH = YES;
				ONLY_ACTIVE_ARCH = YES;
				SDKROOT = iphoneos;
				SWIFT_ACTIVE_COMPILATION_CONDITIONS = DEBUG;
				SWIFT_OPTIMIZATION_LEVEL = "-Onone";
			};
			name = Debug;
		};
		DF8F782A256863D700695823 /* Release */ = {
			isa = XCBuildConfiguration;
			buildSettings = {
				ALWAYS_SEARCH_USER_PATHS = NO;
				CLANG_ANALYZER_NONNULL = YES;
				CLANG_ANALYZER_NUMBER_OBJECT_CONVERSION = YES_AGGRESSIVE;
				CLANG_CXX_LANGUAGE_STANDARD = "gnu++14";
				CLANG_CXX_LIBRARY = "libc++";
				CLANG_ENABLE_MODULES = YES;
				CLANG_ENABLE_OBJC_ARC = YES;
				CLANG_ENABLE_OBJC_WEAK = YES;
				CLANG_WARN_BLOCK_CAPTURE_AUTORELEASING = YES;
				CLANG_WARN_BOOL_CONVERSION = YES;
				CLANG_WARN_COMMA = YES;
				CLANG_WARN_CONSTANT_CONVERSION = YES;
				CLANG_WARN_DEPRECATED_OBJC_IMPLEMENTATIONS = YES;
				CLANG_WARN_DIRECT_OBJC_ISA_USAGE = YES_ERROR;
				CLANG_WARN_DOCUMENTATION_COMMENTS = YES;
				CLANG_WARN_EMPTY_BODY = YES;
				CLANG_WARN_ENUM_CONVERSION = YES;
				CLANG_WARN_INFINITE_RECURSION = YES;
				CLANG_WARN_INT_CONVERSION = YES;
				CLANG_WARN_NON_LITERAL_NULL_CONVERSION = YES;
				CLANG_WARN_OBJC_IMPLICIT_RETAIN_SELF = YES;
				CLANG_WARN_OBJC_LITERAL_CONVERSION = YES;
				CLANG_WARN_OBJC_ROOT_CLASS = YES_ERROR;
				CLANG_WARN_RANGE_LOOP_ANALYSIS = YES;
				CLANG_WARN_STRICT_PROTOTYPES = YES;
				CLANG_WARN_SUSPICIOUS_MOVE = YES;
				CLANG_WARN_UNGUARDED_AVAILABILITY = YES_AGGRESSIVE;
				CLANG_WARN_UNREACHABLE_CODE = YES;
				CLANG_WARN__DUPLICATE_METHOD_MATCH = YES;
				COPY_PHASE_STRIP = NO;
				DEBUG_INFORMATION_FORMAT = "dwarf-with-dsym";
				ENABLE_NS_ASSERTIONS = NO;
				ENABLE_STRICT_OBJC_MSGSEND = YES;
				GCC_C_LANGUAGE_STANDARD = gnu11;
				GCC_NO_COMMON_BLOCKS = YES;
				GCC_WARN_64_TO_32_BIT_CONVERSION = YES;
				GCC_WARN_ABOUT_RETURN_TYPE = YES_ERROR;
				GCC_WARN_UNDECLARED_SELECTOR = YES;
				GCC_WARN_UNINITIALIZED_AUTOS = YES_AGGRESSIVE;
				GCC_WARN_UNUSED_FUNCTION = YES;
				GCC_WARN_UNUSED_VARIABLE = YES;
				IPHONEOS_DEPLOYMENT_TARGET = 13.6;
				MTL_ENABLE_DEBUG_INFO = NO;
				MTL_FAST_MATH = YES;
				SDKROOT = iphoneos;
				SWIFT_COMPILATION_MODE = wholemodule;
				SWIFT_OPTIMIZATION_LEVEL = "-O";
				VALIDATE_PRODUCT = YES;
			};
			name = Release;
		};
		DF8F782C256863D700695823 /* Debug */ = {
			isa = XCBuildConfiguration;
			buildSettings = {
				ASSETCATALOG_COMPILER_APPICON_NAME = AppIcon;
				CODE_SIGN_STYLE = Automatic;
				DEVELOPMENT_TEAM = HMN7EBMQ9Q;
				INFOPLIST_FILE = CSCI321_Assign6/Info.plist;
				LD_RUNPATH_SEARCH_PATHS = (
					"$(inherited)",
					"@executable_path/Frameworks",
				);
				PRODUCT_BUNDLE_IDENTIFIER = "rut.codes.503.CSCI321-Assign6";
				PRODUCT_NAME = "$(TARGET_NAME)";
				SWIFT_VERSION = 5.0;
				TARGETED_DEVICE_FAMILY = "1,2";
			};
			name = Debug;
		};
		DF8F782D256863D700695823 /* Release */ = {
			isa = XCBuildConfiguration;
			buildSettings = {
				ASSETCATALOG_COMPILER_APPICON_NAME = AppIcon;
				CODE_SIGN_STYLE = Automatic;
				DEVELOPMENT_TEAM = HMN7EBMQ9Q;
				INFOPLIST_FILE = CSCI321_Assign6/Info.plist;
				LD_RUNPATH_SEARCH_PATHS = (
					"$(inherited)",
					"@executable_path/Frameworks",
				);
				PRODUCT_BUNDLE_IDENTIFIER = "rut.codes.503.CSCI321-Assign6";
				PRODUCT_NAME = "$(TARGET_NAME)";
				SWIFT_VERSION = 5.0;
				TARGETED_DEVICE_FAMILY = "1,2";
			};
			name = Release;
		};
/* End XCBuildConfiguration section */

/* Begin XCConfigurationList section */
		DF8F780D256863D600695823 /* Build configuration list for PBXProject "CSCI321_Assign6" */ = {
			isa = XCConfigurationList;
			buildConfigurations = (
				DF8F7829256863D700695823 /* Debug */,
				DF8F782A256863D700695823 /* Release */,
			);
			defaultConfigurationIsVisible = 0;
			defaultConfigurationName = Release;
		};
		DF8F782B256863D700695823 /* Build configuration list for PBXNativeTarget "CSCI321_Assign6" */ = {
			isa = XCConfigurationList;
			buildConfigurations = (
				DF8F782C256863D700695823 /* Debug */,
				DF8F782D256863D700695823 /* Release */,
			);
			defaultConfigurationIsVisible = 0;
			defaultConfigurationName = Release;
		};
/* End XCConfigurationList section */

/* Begin XCVersionGroup section */
		DF8F7817256863D600695823 /* CSCI321_Assign6.xcdatamodeld */ = {
			isa = XCVersionGroup;
			children = (
				DF8F7818256863D600695823 /* CSCI321_Assign6.xcdatamodel */,
			);
			currentVersion = DF8F7818256863D600695823 /* CSCI321_Assign6.xcdatamodel */;
			path = CSCI321_Assign6.xcdatamodeld;
			sourceTree = "<group>";
			versionGroupType = wrapper.xcdatamodel;
		};
/* End XCVersionGroup section */
	};
	rootObject = DF8F780A256863D600695823 /* Project object */;
}
